
Microsoft Visual Studio Solution File, Format Version 12.00
# Visual Studio Version 17
VisualStudioVersion = 17.14.36811.4 d17.14
MinimumVisualStudioVersion = 10.0.40219.1
Project("{FAE04EC0-301F-11D3-BF4B-00C04F79EFBC}") = "InternLAApp.UI", "InternLAApp.UI\InternLAApp.UI.csproj", "{739E9CBD-1FBB-45D7-940E-50B5637A2A50}"
EndProject
Project("{FAE04EC0-301F-11D3-BF4B-00C04F79EFBC}") = "InternLAApp.BL", "InternLAApp.BL\InternLAApp.BL.csproj", "{55903E79-66E2-4541-A2E5-B24830E67408}"
EndProject
Project("{FAE04EC0-301F-11D3-BF4B-00C04F79EFBC}") = "InternLAApp.DL", "InternLAApp.DL\InternLAApp.DL.csproj", "{9CD52D00-CA6C-4B7B-9CA9-C64F5F9148F1}"
EndProject
Global
	GlobalSection(SolutionConfigurationPlatforms) = preSolution
		Debug|Any CPU = Debug|Any CPU
		Release|Any CPU = Release|Any CPU
	EndGlobalSection
	GlobalSection(ProjectConfigurationPlatforms) = postSolution
		{739E9CBD-1FBB-45D7-940E-50B5637A2A50}.Debug|Any CPU.ActiveCfg = Debug|Any CPU
		{739E9CBD-1FBB-45D7-940E-50B5637A2A50}.Debug|Any CPU.Build.0 = Debug|Any CPU
		{739E9CBD-1FBB-45D7-940E-50B5637A2A50}.Release|Any CPU.ActiveCfg = Release|Any CPU
		{739E9CBD-1FBB-45D7-940E-50B5637A2A50}.Release|Any CPU.Build.0 = Release|Any CPU
		{55903E79-66E2-4541-A2E5-B24830E67408}.Debug|Any CPU.ActiveCfg = Debug|Any CPU
		{55903E79-66E2-4541-A2E5-B24830E67408}.Debug|Any CPU.Build.0 = Debug|Any CPU
		{55903E79-66E2-4541-A2E5-B24830E67408}.Release|Any CPU.ActiveCfg = Release|Any CPU
		{55903E79-66E2-4541-A2E5-B24830E67408}.Release|Any CPU.Build.0 = Release|Any CPU
		{9CD52D00-CA6C-4B7B-9CA9-C64F5F9148F1}.Debug|Any CPU.ActiveCfg = Debug|Any CPU
		{9CD52D00-CA6C-4B7B-9CA9-C64F5F9148F1}.Debug|Any CPU.Build.0 = Debug|Any CPU
		{9CD52D00-CA6C-4B7B-9CA9-C64F5F9148F1}.Release|Any CPU.ActiveCfg = Release|Any CPU
		{9CD52D00-CA6C-4B7B-9CA9-C64F5F9148F1}.Release|Any CPU.Build.0 = Release|Any CPU
	EndGlobalSection
	GlobalSection(SolutionProperties) = preSolution
		HideSolutionNode = FALSE
	EndGlobalSection
	GlobalSection(ExtensibilityGlobals) = postSolution
		SolutionGuid = {E82FE9C9-FD3D-477D-A68D-98D8F1C5FBE7}
	EndGlobalSection
EndGlobal
