
Microsoft Visual Studio Solution File, Format Version 12.00
# Visual Studio Version 17
VisualStudioVersion = 17.14.36811.4 d17.14
MinimumVisualStudioVersion = 10.0.40219.1
Project("{FAE04EC0-301F-11D3-BF4B-00C04F79EFBC}") = "SmartCMApp.UI", "SmartCMApp.UI\SmartCMApp.UI.csproj", "{A0958559-4340-4B09-9CCF-1CD7846E65B3}"
EndProject
Project("{FAE04EC0-301F-11D3-BF4B-00C04F79EFBC}") = "SmartCMApp.BL", "SmartCMApp.BL\SmartCMApp.BL.csproj", "{91411520-6E3F-43C3-B26E-63C62CA94A99}"
EndProject
Project("{FAE04EC0-301F-11D3-BF4B-00C04F79EFBC}") = "SmartCMApp.DL", "SmartCMApp.DL\SmartCMApp.DL.csproj", "{A94A1C23-FAF8-42CA-A577-4C1162809706}"
EndProject
Global
	GlobalSection(SolutionConfigurationPlatforms) = preSolution
		Debug|Any CPU = Debug|Any CPU
		Release|Any CPU = Release|Any CPU
	EndGlobalSection
	GlobalSection(ProjectConfigurationPlatforms) = postSolution
		{A0958559-4340-4B09-9CCF-1CD7846E65B3}.Debug|Any CPU.ActiveCfg = Debug|Any CPU
		{A0958559-4340-4B09-9CCF-1CD7846E65B3}.Debug|Any CPU.Build.0 = Debug|Any CPU
		{A0958559-4340-4B09-9CCF-1CD7846E65B3}.Release|Any CPU.ActiveCfg = Release|Any CPU
		{A0958559-4340-4B09-9CCF-1CD7846E65B3}.Release|Any CPU.Build.0 = Release|Any CPU
		{91411520-6E3F-43C3-B26E-63C62CA94A99}.Debug|Any CPU.ActiveCfg = Debug|Any CPU
		{91411520-6E3F-43C3-B26E-63C62CA94A99}.Debug|Any CPU.Build.0 = Debug|Any CPU
		{91411520-6E3F-43C3-B26E-63C62CA94A99}.Release|Any CPU.ActiveCfg = Release|Any CPU
		{91411520-6E3F-43C3-B26E-63C62CA94A99}.Release|Any CPU.Build.0 = Release|Any CPU
		{A94A1C23-FAF8-42CA-A577-4C1162809706}.Debug|Any CPU.ActiveCfg = Debug|Any CPU
		{A94A1C23-FAF8-42CA-A577-4C1162809706}.Debug|Any CPU.Build.0 = Debug|Any CPU
		{A94A1C23-FAF8-42CA-A577-4C1162809706}.Release|Any CPU.ActiveCfg = Release|Any CPU
		{A94A1C23-FAF8-42CA-A577-4C1162809706}.Release|Any CPU.Build.0 = Release|Any CPU
	EndGlobalSection
	GlobalSection(SolutionProperties) = preSolution
		HideSolutionNode = FALSE
	EndGlobalSection
	GlobalSection(ExtensibilityGlobals) = postSolution
		SolutionGuid = {FD1CF4F3-69A0-4CEE-A96B-2C4CFB158D7F}
	EndGlobalSection
EndGlobal
