
Microsoft Visual Studio Solution File, Format Version 12.00
# Visual Studio Version 17
VisualStudioVersion = 17.14.36811.4 d17.14
MinimumVisualStudioVersion = 10.0.40219.1
Project("{FAE04EC0-301F-11D3-BF4B-00C04F79EFBC}") = "CSharp console app", "CSharp console app.csproj", "{C8EA402C-1081-44E1-A98A-746F5708F00A}"
EndProject
Global
	GlobalSection(SolutionConfigurationPlatforms) = preSolution
		Debug|Any CPU = Debug|Any CPU
		Release|Any CPU = Release|Any CPU
	EndGlobalSection
	GlobalSection(ProjectConfigurationPlatforms) = postSolution
		{C8EA402C-1081-44E1-A98A-746F5708F00A}.Debug|Any CPU.ActiveCfg = Debug|Any CPU
		{C8EA402C-1081-44E1-A98A-746F5708F00A}.Debug|Any CPU.Build.0 = Debug|Any CPU
		{C8EA402C-1081-44E1-A98A-746F5708F00A}.Release|Any CPU.ActiveCfg = Release|Any CPU
		{C8EA402C-1081-44E1-A98A-746F5708F00A}.Release|Any CPU.Build.0 = Release|Any CPU
	EndGlobalSection
	GlobalSection(SolutionProperties) = preSolution
		HideSolutionNode = FALSE
	EndGlobalSection
	GlobalSection(ExtensibilityGlobals) = postSolution
		SolutionGuid = {55C86A6D-E430-47D9-8A16-74BD802A9FD0}
	EndGlobalSection
EndGlobal
